// !$*UTF8*$!
{
	archiveVersion = 1;
	classes = {
	};
	objectVersion = 50;
	objects = {

/* Begin PBXBuildFile section */
		2910047E2223547000C53806 /* AppDelegate.swift in Sources */ = {isa = PBXBuildFile; fileRef = 2910047D2223547000C53806 /* AppDelegate.swift */; };
		291004802223547000C53806 /* MealViewController.swift in Sources */ = {isa = PBXBuildFile; fileRef = 2910047F2223547000C53806 /* MealViewController.swift */; };
		291004832223547000C53806 /* Main.storyboard in Resources */ = {isa = PBXBuildFile; fileRef = 291004812223547000C53806 /* Main.storyboard */; };
		291004852223547100C53806 /* Assets.xcassets in Resources */ = {isa = PBXBuildFile; fileRef = 291004842223547100C53806 /* Assets.xcassets */; };
		291004882223547100C53806 /* LaunchScreen.storyboard in Resources */ = {isa = PBXBuildFile; fileRef = 291004862223547100C53806 /* LaunchScreen.storyboard */; };
		291004932223547100C53806 /* Food_TackerTests.swift in Sources */ = {isa = PBXBuildFile; fileRef = 291004922223547100C53806 /* Food_TackerTests.swift */; };
		291004A02223581A00C53806 /* RatingControl.swift in Sources */ = {isa = PBXBuildFile; fileRef = 2910049F2223581A00C53806 /* RatingControl.swift */; };
		291004A222235D4400C53806 /* Meal.swift in Sources */ = {isa = PBXBuildFile; fileRef = 291004A122235D4400C53806 /* Meal.swift */; };
		292091CE2224B20D00910288 /* MealTableViewCell.swift in Sources */ = {isa = PBXBuildFile; fileRef = 292091CD2224B20D00910288 /* MealTableViewCell.swift */; };
		292091D02224B22700910288 /* MealTableViewController.swift in Sources */ = {isa = PBXBuildFile; fileRef = 292091CF2224B22700910288 /* MealTableViewController.swift */; };
/* End PBXBuildFile section */

/* Begin PBXContainerItemProxy section */
		2910048F2223547100C53806 /* PBXContainerItemProxy */ = {
			isa = PBXContainerItemProxy;
			containerPortal = 291004722223547000C53806 /* Project object */;
			proxyType = 1;
			remoteGlobalIDString = 291004792223547000C53806;
			remoteInfo = "Food Tacker";
		};
/* End PBXContainerItemProxy section */

/* Begin PBXFileReference section */
		2910047A2223547000C53806 /* Food Tacker.app */ = {isa = PBXFileReference; explicitFileType = wrapper.application; includeInIndex = 0; path = "Food Tacker.app"; sourceTree = BUILT_PRODUCTS_DIR; };
		2910047D2223547000C53806 /* AppDelegate.swift */ = {isa = PBXFileReference; lastKnownFileType = sourcecode.swift; path = AppDelegate.swift; sourceTree = "<group>"; };
		2910047F2223547000C53806 /* MealViewController.swift */ = {isa = PBXFileReference; lastKnownFileType = sourcecode.swift; path = MealViewController.swift; sourceTree = "<group>"; };
		291004822223547000C53806 /* Base */ = {isa = PBXFileReference; lastKnownFileType = file.storyboard; name = Base; path = Base.lproj/Main.storyboard; sourceTree = "<group>"; };
		291004842223547100C53806 /* Assets.xcassets */ = {isa = PBXFileReference; lastKnownFileType = folder.assetcatalog; path = Assets.xcassets; sourceTree = "<group>"; };
		291004872223547100C53806 /* Base */ = {isa = PBXFileReference; lastKnownFileType = file.storyboard; name = Base; path = Base.lproj/LaunchScreen.storyboard; sourceTree = "<group>"; };
		291004892223547100C53806 /* Info.plist */ = {isa = PBXFileReference; lastKnownFileType = text.plist.xml; path = Info.plist; sourceTree = "<group>"; };
		2910048E2223547100C53806 /* Food TackerTests.xctest */ = {isa = PBXFileReference; explicitFileType = wrapper.cfbundle; includeInIndex = 0; path = "Food TackerTests.xctest"; sourceTree = BUILT_PRODUCTS_DIR; };
		291004922223547100C53806 /* Food_TackerTests.swift */ = {isa = PBXFileReference; lastKnownFileType = sourcecode.swift; path = Food_TackerTests.swift; sourceTree = "<group>"; };
		291004942223547100C53806 /* Info.plist */ = {isa = PBXFileReference; lastKnownFileType = text.plist.xml; path = Info.plist; sourceTree = "<group>"; };
		2910049F2223581A00C53806 /* RatingControl.swift */ = {isa = PBXFileReference; lastKnownFileType = sourcecode.swift; path = RatingControl.swift; sourceTree = "<group>"; };
		291004A122235D4400C53806 /* Meal.swift */ = {isa = PBXFileReference; lastKnownFileType = sourcecode.swift; path = Meal.swift; sourceTree = "<group>"; };
		292091CD2224B20D00910288 /* MealTableViewCell.swift */ = {isa = PBXFileReference; lastKnownFileType = sourcecode.swift; path = MealTableViewCell.swift; sourceTree = "<group>"; };
		292091CF2224B22700910288 /* MealTableViewController.swift */ = {isa = PBXFileReference; lastKnownFileType = sourcecode.swift; path = MealTableViewController.swift; sourceTree = "<group>"; };
/* End PBXFileReference section */

/* Begin PBXFrameworksBuildPhase section */
		291004772223547000C53806 /* Frameworks */ = {
			isa = PBXFrameworksBuildPhase;
			buildActionMask = 2147483647;
			files = (
			);
			runOnlyForDeploymentPostprocessing = 0;
		};
		2910048B2223547100C53806 /* Frameworks */ = {
			isa = PBXFrameworksBuildPhase;
			buildActionMask = 2147483647;
			files = (
			);
			runOnlyForDeploymentPostprocessing = 0;
		};
/* End PBXFrameworksBuildPhase section */

/* Begin PBXGroup section */
		291004712223547000C53806 = {
			isa = PBXGroup;
			children = (
				2910047C2223547000C53806 /* Food Tacker */,
				291004912223547100C53806 /* Food TackerTests */,
				2910047B2223547000C53806 /* Products */,
			);
			sourceTree = "<group>";
		};
		2910047B2223547000C53806 /* Products */ = {
			isa = PBXGroup;
			children = (
				2910047A2223547000C53806 /* Food Tacker.app */,
				2910048E2223547100C53806 /* Food TackerTests.xctest */,
			);
			name = Products;
			sourceTree = "<group>";
		};
		2910047C2223547000C53806 /* Food Tacker */ = {
			isa = PBXGroup;
			children = (
				2910047D2223547000C53806 /* AppDelegate.swift */,
				2910047F2223547000C53806 /* MealViewController.swift */,
				291004812223547000C53806 /* Main.storyboard */,
				2910049F2223581A00C53806 /* RatingControl.swift */,
				291004A122235D4400C53806 /* Meal.swift */,
				292091CD2224B20D00910288 /* MealTableViewCell.swift */,
				292091CF2224B22700910288 /* MealTableViewController.swift */,
				291004842223547100C53806 /* Assets.xcassets */,
				291004862223547100C53806 /* LaunchScreen.storyboard */,
				291004892223547100C53806 /* Info.plist */,
			);
			path = "Food Tacker";
			sourceTree = "<group>";
		};
		291004912223547100C53806 /* Food TackerTests */ = {
			isa = PBXGroup;
			children = (
				291004922223547100C53806 /* Food_TackerTests.swift */,
				291004942223547100C53806 /* Info.plist */,
			);
			path = "Food TackerTests";
			sourceTree = "<group>";
		};
/* End PBXGroup section */

/* Begin PBXNativeTarget section */
		291004792223547000C53806 /* Food Tacker */ = {
			isa = PBXNativeTarget;
			buildConfigurationList = 291004972223547100C53806 /* Build configuration list for PBXNativeTarget "Food Tacker" */;
			buildPhases = (
				291004762223547000C53806 /* Sources */,
				291004772223547000C53806 /* Frameworks */,
				291004782223547000C53806 /* Resources */,
			);
			buildRules = (
			);
			dependencies = (
			);
			name = "Food Tacker";
			productName = "Food Tacker";
			productReference = 2910047A2223547000C53806 /* Food Tacker.app */;
			productType = "com.apple.product-type.application";
		};
		2910048D2223547100C53806 /* Food TackerTests */ = {
			isa = PBXNativeTarget;
			buildConfigurationList = 2910049A2223547100C53806 /* Build configuration list for PBXNativeTarget "Food TackerTests" */;
			buildPhases = (
				2910048A2223547100C53806 /* Sources */,
				2910048B2223547100C53806 /* Frameworks */,
				2910048C2223547100C53806 /* Resources */,
			);
			buildRules = (
			);
			dependencies = (
				291004902223547100C53806 /* PBXTargetDependency */,
			);
			name = "Food TackerTests";
			productName = "Food TackerTests";
			productReference = 2910048E2223547100C53806 /* Food TackerTests.xctest */;
			productType = "com.apple.product-type.bundle.unit-test";
		};
/* End PBXNativeTarget section */

/* Begin PBXProject section */
		291004722223547000C53806 /* Project object */ = {
			isa = PBXProject;
			attributes = {
				LastSwiftUpdateCheck = 1010;
				LastUpgradeCheck = 1010;
				ORGANIZATIONNAME = "Jessica Lowry";
				TargetAttributes = {
					291004792223547000C53806 = {
						CreatedOnToolsVersion = 10.1;
					};
					2910048D2223547100C53806 = {
						CreatedOnToolsVersion = 10.1;
						TestTargetID = 291004792223547000C53806;
					};
				};
			};
			buildConfigurationList = 291004752223547000C53806 /* Build configuration list for PBXProject "Food Tacker" */;
			compatibilityVersion = "Xcode 9.3";
			developmentRegion = en;
			hasScannedForEncodings = 0;
			knownRegions = (
				en,
				Base,
			);
			mainGroup = 291004712223547000C53806;
			productRefGroup = 2910047B2223547000C53806 /* Products */;
			projectDirPath = "";
			projectRoot = "";
			targets = (
				291004792223547000C53806 /* Food Tacker */,
				2910048D2223547100C53806 /* Food TackerTests */,
			);
		};
/* End PBXProject section */

/* Begin PBXResourcesBuildPhase section */
		291004782223547000C53806 /* Resources */ = {
			isa = PBXResourcesBuildPhase;
			buildActionMask = 2147483647;
			files = (
				291004882223547100C53806 /* LaunchScreen.storyboard in Resources */,
				291004852223547100C53806 /* Assets.xcassets in Resources */,
				291004832223547000C53806 /* Main.storyboard in Resources */,
			);
			runOnlyForDeploymentPostprocessing = 0;
		};
		2910048C2223547100C53806 /* Resources */ = {
			isa = PBXResourcesBuildPhase;
			buildActionMask = 2147483647;
			files = (
			);
			runOnlyForDeploymentPostprocessing = 0;
		};
/* End PBXResourcesBuildPhase section */

/* Begin PBXSourcesBuildPhase section */
		291004762223547000C53806 /* Sources */ = {
			isa = PBXSourcesBuildPhase;
			buildActionMask = 2147483647;
			files = (
				291004A222235D4400C53806 /* Meal.swift in Sources */,
				291004802223547000C53806 /* MealViewController.swift in Sources */,
				291004A02223581A00C53806 /* RatingControl.swift in Sources */,
				2910047E2223547000C53806 /* AppDelegate.swift in Sources */,
				292091D02224B22700910288 /* MealTableViewController.swift in Sources */,
				292091CE2224B20D00910288 /* MealTableViewCell.swift in Sources */,
			);
			runOnlyForDeploymentPostprocessing = 0;
		};
		2910048A2223547100C53806 /* Sources */ = {
			isa = PBXSourcesBuildPhase;
			buildActionMask = 2147483647;
			files = (
				291004932223547100C53806 /* Food_TackerTests.swift in Sources */,
			);
			runOnlyForDeploymentPostprocessing = 0;
		};
/* End PBXSourcesBuildPhase section */

/* Begin PBXTargetDependency section */
		291004902223547100C53806 /* PBXTargetDependency */ = {
			isa = PBXTargetDependency;
			target = 291004792223547000C53806 /* Food Tacker */;
			targetProxy = 2910048F2223547100C53806 /* PBXContainerItemProxy */;
		};
/* End PBXTargetDependency section */

/* Begin PBXVariantGroup section */
		291004812223547000C53806 /* Main.storyboard */ = {
			isa = PBXVariantGroup;
			children = (
				291004822223547000C53806 /* Base */,
			);
			name = Main.storyboard;
			sourceTree = "<group>";
		};
		291004862223547100C53806 /* LaunchScreen.storyboard */ = {
			isa = PBXVariantGroup;
			children = (
				291004872223547100C53806 /* Base */,
			);
			name = LaunchScreen.storyboard;
			sourceTree = "<group>";
		};
/* End PBXVariantGroup section */

/* Begin XCBuildConfiguration section */
		291004952223547100C53806 /* Debug */ = {
			isa = XCBuildConfiguration;
			buildSettings = {
				ALWAYS_SEARCH_USER_PATHS = NO;
				CLANG_ANALYZER_NONNULL = YES;
				CLANG_ANALYZER_NUMBER_OBJECT_CONVERSION = YES_AGGRESSIVE;
				CLANG_CXX_LANGUAGE_STANDARD = "gnu++14";
				CLANG_CXX_LIBRARY = "libc++";
				CLANG_ENABLE_MODULES = YES;
				CLANG_ENABLE_OBJC_ARC = YES;
				CLANG_ENABLE_OBJC_WEAK = YES;
				CLANG_WARN_BLOCK_CAPTURE_AUTORELEASING = YES;
				CLANG_WARN_BOOL_CONVERSION = YES;
				CLANG_WARN_COMMA = YES;
				CLANG_WARN_CONSTANT_CONVERSION = YES;
				CLANG_WARN_DEPRECATED_OBJC_IMPLEMENTATIONS = YES;
				CLANG_WARN_DIRECT_OBJC_ISA_USAGE = YES_ERROR;
				CLANG_WARN_DOCUMENTATION_COMMENTS = YES;
				CLANG_WARN_EMPTY_BODY = YES;
				CLANG_WARN_ENUM_CONVERSION = YES;
				CLANG_WARN_INFINITE_RECURSION = YES;
				CLANG_WARN_INT_CONVERSION = YES;
				CLANG_WARN_NON_LITERAL_NULL_CONVERSION = YES;
				CLANG_WARN_OBJC_IMPLICIT_RETAIN_SELF = YES;
				CLANG_WARN_OBJC_LITERAL_CONVERSION = YES;
				CLANG_WARN_OBJC_ROOT_CLASS = YES_ERROR;
				CLANG_WARN_RANGE_LOOP_ANALYSIS = YES;
				CLANG_WARN_STRICT_PROTOTYPES = YES;
				CLANG_WARN_SUSPICIOUS_MOVE = YES;
				CLANG_WARN_UNGUARDED_AVAILABILITY = YES_AGGRESSIVE;
				CLANG_WARN_UNREACHABLE_CODE = YES;
				CLANG_WARN__DUPLICATE_METHOD_MATCH = YES;
				CODE_SIGN_IDENTITY = "iPhone Developer";
				COPY_PHASE_STRIP = NO;
				DEBUG_INFORMATION_FORMAT = dwarf;
				ENABLE_STRICT_OBJC_MSGSEND = YES;
				ENABLE_TESTABILITY = YES;
				GCC_C_LANGUAGE_STANDARD = gnu11;
				GCC_DYNAMIC_NO_PIC = NO;
				GCC_NO_COMMON_BLOCKS = YES;
				GCC_OPTIMIZATION_LEVEL = 0;
				GCC_PREPROCESSOR_DEFINITIONS = (
					"DEBUG=1",
					"$(inherited)",
				);
				GCC_WARN_64_TO_32_BIT_CONVERSION = YES;
				GCC_WARN_ABOUT_RETURN_TYPE = YES_ERROR;
				GCC_WARN_UNDECLARED_SELECTOR = YES;
				GCC_WARN_UNINITIALIZED_AUTOS = YES_AGGRESSIVE;
				GCC_WARN_UNUSED_FUNCTION = YES;
				GCC_WARN_UNUSED_VARIABLE = YES;
				IPHONEOS_DEPLOYMENT_TARGET = 12.1;
				MTL_ENABLE_DEBUG_INFO = INCLUDE_SOURCE;
				MTL_FAST_MATH = YES;
				ONLY_ACTIVE_ARCH = YES;
				SDKROOT = iphoneos;
				SWIFT_ACTIVE_COMPILATION_CONDITIONS = DEBUG;
				SWIFT_OPTIMIZATION_LEVEL = "-Onone";
			};
			name = Debug;
		};
		291004962223547100C53806 /* Release */ = {
			isa = XCBuildConfiguration;
			buildSettings = {
				ALWAYS_SEARCH_USER_PATHS = NO;
				CLANG_ANALYZER_NONNULL = YES;
				CLANG_ANALYZER_NUMBER_OBJECT_CONVERSION = YES_AGGRESSIVE;
				CLANG_CXX_LANGUAGE_STANDARD = "gnu++14";
				CLANG_CXX_LIBRARY = "libc++";
				CLANG_ENABLE_MODULES = YES;
				CLANG_ENABLE_OBJC_ARC = YES;
				CLANG_ENABLE_OBJC_WEAK = YES;
				CLANG_WARN_BLOCK_CAPTURE_AUTORELEASING = YES;
				CLANG_WARN_BOOL_CONVERSION = YES;
				CLANG_WARN_COMMA = YES;
				CLANG_WARN_CONSTANT_CONVERSION = YES;
				CLANG_WARN_DEPRECATED_OBJC_IMPLEMENTATIONS = YES;
				CLANG_WARN_DIRECT_OBJC_ISA_USAGE = YES_ERROR;
				CLANG_WARN_DOCUMENTATION_COMMENTS = YES;
				CLANG_WARN_EMPTY_BODY = YES;
				CLANG_WARN_ENUM_CONVERSION = YES;
				CLANG_WARN_INFINITE_RECURSION = YES;
				CLANG_WARN_INT_CONVERSION = YES;
				CLANG_WARN_NON_LITERAL_NULL_CONVERSION = YES;
				CLANG_WARN_OBJC_IMPLICIT_RETAIN_SELF = YES;
				CLANG_WARN_OBJC_LITERAL_CONVERSION = YES;
				CLANG_WARN_OBJC_ROOT_CLASS = YES_ERROR;
				CLANG_WARN_RANGE_LOOP_ANALYSIS = YES;
				CLANG_WARN_STRICT_PROTOTYPES = YES;
				CLANG_WARN_SUSPICIOUS_MOVE = YES;
				CLANG_WARN_UNGUARDED_AVAILABILITY = YES_AGGRESSIVE;
				CLANG_WARN_UNREACHABLE_CODE = YES;
				CLANG_WARN__DUPLICATE_METHOD_MATCH = YES;
				CODE_SIGN_IDENTITY = "iPhone Developer";
				COPY_PHASE_STRIP = NO;
				DEBUG_INFORMATION_FORMAT = "dwarf-with-dsym";
				ENABLE_NS_ASSERTIONS = NO;
				ENABLE_STRICT_OBJC_MSGSEND = YES;
				GCC_C_LANGUAGE_STANDARD = gnu11;
				GCC_NO_COMMON_BLOCKS = YES;
				GCC_WARN_64_TO_32_BIT_CONVERSION = YES;
				GCC_WARN_ABOUT_RETURN_TYPE = YES_ERROR;
				GCC_WARN_UNDECLARED_SELECTOR = YES;
				GCC_WARN_UNINITIALIZED_AUTOS = YES_AGGRESSIVE;
				GCC_WARN_UNUSED_FUNCTION = YES;
				GCC_WARN_UNUSED_VARIABLE = YES;
				IPHONEOS_DEPLOYMENT_TARGET = 12.1;
				MTL_ENABLE_DEBUG_INFO = NO;
				MTL_FAST_MATH = YES;
				SDKROOT = iphoneos;
				SWIFT_COMPILATION_MODE = wholemodule;
				SWIFT_OPTIMIZATION_LEVEL = "-O";
				VALIDATE_PRODUCT = YES;
			};
			name = Release;
		};
		291004982223547100C53806 /* Debug */ = {
			isa = XCBuildConfiguration;
			buildSettings = {
				ASSETCATALOG_COMPILER_APPICON_NAME = AppIcon;
				CODE_SIGN_STYLE = Automatic;
				INFOPLIST_FILE = "Food Tacker/Info.plist";
				LD_RUNPATH_SEARCH_PATHS = (
					"$(inherited)",
					"@executable_path/Frameworks",
				);
				PRODUCT_BUNDLE_IDENTIFIER = "com.example.Food-Tacker";
				PRODUCT_NAME = "$(TARGET_NAME)";
				SWIFT_VERSION = 4.2;
				TARGETED_DEVICE_FAMILY = "1,2";
			};
			name = Debug;
		};
		291004992223547100C53806 /* Release */ = {
			isa = XCBuildConfiguration;
			buildSettings = {
				ASSETCATALOG_COMPILER_APPICON_NAME = AppIcon;
				CODE_SIGN_STYLE = Automatic;
				INFOPLIST_FILE = "Food Tacker/Info.plist";
				LD_RUNPATH_SEARCH_PATHS = (
					"$(inherited)",
					"@executable_path/Frameworks",
				);
				PRODUCT_BUNDLE_IDENTIFIER = "com.example.Food-Tacker";
				PRODUCT_NAME = "$(TARGET_NAME)";
				SWIFT_VERSION = 4.2;
				TARGETED_DEVICE_FAMILY = "1,2";
			};
			name = Release;
		};
		2910049B2223547100C53806 /* Debug */ = {
			isa = XCBuildConfiguration;
			buildSettings = {
				ALWAYS_EMBED_SWIFT_STANDARD_LIBRARIES = YES;
				BUNDLE_LOADER = "$(TEST_HOST)";
				CODE_SIGN_STYLE = Automatic;
				INFOPLIST_FILE = "Food TackerTests/Info.plist";
				LD_RUNPATH_SEARCH_PATHS = (
					"$(inherited)",
					"@executable_path/Frameworks",
					"@loader_path/Frameworks",
				);
				PRODUCT_BUNDLE_IDENTIFIER = "com.example.Food-TackerTests";
				PRODUCT_NAME = "$(TARGET_NAME)";
				SWIFT_VERSION = 4.2;
				TARGETED_DEVICE_FAMILY = "1,2";
				TEST_HOST = "$(BUILT_PRODUCTS_DIR)/Food Tacker.app/Food Tacker";
			};
			name = Debug;
		};
		2910049C2223547100C53806 /* Release */ = {
			isa = XCBuildConfiguration;
			buildSettings = {
				ALWAYS_EMBED_SWIFT_STANDARD_LIBRARIES = YES;
				BUNDLE_LOADER = "$(TEST_HOST)";
				CODE_SIGN_STYLE = Automatic;
				INFOPLIST_FILE = "Food TackerTests/Info.plist";
				LD_RUNPATH_SEARCH_PATHS = (
					"$(inherited)",
					"@executable_path/Frameworks",
					"@loader_path/Frameworks",
				);
				PRODUCT_BUNDLE_IDENTIFIER = "com.example.Food-TackerTests";
				PRODUCT_NAME = "$(TARGET_NAME)";
				SWIFT_VERSION = 4.2;
				TARGETED_DEVICE_FAMILY = "1,2";
				TEST_HOST = "$(BUILT_PRODUCTS_DIR)/Food Tacker.app/Food Tacker";
			};
			name = Release;
		};
/* End XCBuildConfiguration section */

/* Begin XCConfigurationList section */
		291004752223547000C53806 /* Build configuration list for PBXProject "Food Tacker" */ = {
			isa = XCConfigurationList;
			buildConfigurations = (
				291004952223547100C53806 /* Debug */,
				291004962223547100C53806 /* Release */,
			);
			defaultConfigurationIsVisible = 0;
			defaultConfigurationName = Release;
		};
		291004972223547100C53806 /* Build configuration list for PBXNativeTarget "Food Tacker" */ = {
			isa = XCConfigurationList;
			buildConfigurations = (
				291004982223547100C53806 /* Debug */,
				291004992223547100C53806 /* Release */,
			);
			defaultConfigurationIsVisible = 0;
			defaultConfigurationName = Release;
		};
		2910049A2223547100C53806 /* Build configuration list for PBXNativeTarget "Food TackerTests" */ = {
			isa = XCConfigurationList;
			buildConfigurations = (
				2910049B2223547100C53806 /* Debug */,
				2910049C2223547100C53806 /* Release */,
			);
			defaultConfigurationIsVisible = 0;
			defaultConfigurationName = Release;
		};
/* End XCConfigurationList section */
	};
	rootObject = 291004722223547000C53806 /* Project object */;
}
